
Microsoft Visual Studio Solution File, Format Version 12.00
# Visual Studio Version 17
VisualStudioVersion = 17.7.34031.279
MinimumVisualStudioVersion = 10.0.40219.1
Project("{FAE04EC0-301F-11D3-BF4B-00C04F79EFBC}") = "ProyectoPrograAvanzada", "ProyectoPrograAvanzada\ProyectoPrograAvanzada.csproj", "{85926500-40B5-44EC-966E-6DB8167517DF}"
EndProject
Global
	GlobalSection(SolutionConfigurationPlatforms) = preSolution
		Debug|Any CPU = Debug|Any CPU
		Release|Any CPU = Release|Any CPU
	EndGlobalSection
	GlobalSection(ProjectConfigurationPlatforms) = postSolution
		{85926500-40B5-44EC-966E-6DB8167517DF}.Debug|Any CPU.ActiveCfg = Debug|Any CPU
		{85926500-40B5-44EC-966E-6DB8167517DF}.Debug|Any CPU.Build.0 = Debug|Any CPU
		{85926500-40B5-44EC-966E-6DB8167517DF}.Release|Any CPU.ActiveCfg = Release|Any CPU
		{85926500-40B5-44EC-966E-6DB8167517DF}.Release|Any CPU.Build.0 = Release|Any CPU
	EndGlobalSection
	GlobalSection(SolutionProperties) = preSolution
		HideSolutionNode = FALSE
	EndGlobalSection
	GlobalSection(ExtensibilityGlobals) = postSolution
		SolutionGuid = {3A27D7E7-2544-48FD-AF3F-1E6AADE877BC}
	EndGlobalSection
EndGlobal
